
Microsoft Visual Studio Solution File, Format Version 12.00
# Visual Studio Version 16
VisualStudioVersion = 16.0.30011.22
MinimumVisualStudioVersion = 10.0.40219.1
Project("{FAE04EC0-301F-11D3-BF4B-00C04F79EFBC}") = "Test.Domain", "Test.Domain\Test.Domain.csproj", "{1AC8D7BD-0A75-4616-985B-8C9C1D00A38D}"
EndProject
Project("{FAE04EC0-301F-11D3-BF4B-00C04F79EFBC}") = "Test.Data", "Test.Data\Test.Data.csproj", "{EFFCEFE0-F96A-4396-8B5C-2D3FA31FA353}"
EndProject
Global
	GlobalSection(SolutionConfigurationPlatforms) = preSolution
		Debug|Any CPU = Debug|Any CPU
		Release|Any CPU = Release|Any CPU
	EndGlobalSection
	GlobalSection(ProjectConfigurationPlatforms) = postSolution
		{1AC8D7BD-0A75-4616-985B-8C9C1D00A38D}.Debug|Any CPU.ActiveCfg = Debug|Any CPU
		{1AC8D7BD-0A75-4616-985B-8C9C1D00A38D}.Debug|Any CPU.Build.0 = Debug|Any CPU
		{1AC8D7BD-0A75-4616-985B-8C9C1D00A38D}.Release|Any CPU.ActiveCfg = Release|Any CPU
		{1AC8D7BD-0A75-4616-985B-8C9C1D00A38D}.Release|Any CPU.Build.0 = Release|Any CPU
		{EFFCEFE0-F96A-4396-8B5C-2D3FA31FA353}.Debug|Any CPU.ActiveCfg = Debug|Any CPU
		{EFFCEFE0-F96A-4396-8B5C-2D3FA31FA353}.Debug|Any CPU.Build.0 = Debug|Any CPU
		{EFFCEFE0-F96A-4396-8B5C-2D3FA31FA353}.Release|Any CPU.ActiveCfg = Release|Any CPU
		{EFFCEFE0-F96A-4396-8B5C-2D3FA31FA353}.Release|Any CPU.Build.0 = Release|Any CPU
	EndGlobalSection
	GlobalSection(SolutionProperties) = preSolution
		HideSolutionNode = FALSE
	EndGlobalSection
	GlobalSection(ExtensibilityGlobals) = postSolution
		SolutionGuid = {1BBBF811-77FA-4246-B316-D4D69002D7CA}
	EndGlobalSection
EndGlobal
